
Microsoft Visual Studio Solution File, Format Version 12.00
# Visual Studio Version 17
VisualStudioVersion = 17.14.36221.1 d17.14
MinimumVisualStudioVersion = 10.0.40219.1
Project("{FAE04EC0-301F-11D3-BF4B-00C04F79EFBC}") = "Reminder", "Reminder\Reminder.csproj", "{49392179-8162-425E-824C-333B7DE5C0A3}"
EndProject
Global
	GlobalSection(SolutionConfigurationPlatforms) = preSolution
		Debug|Any CPU = Debug|Any CPU
		Release|Any CPU = Release|Any CPU
	EndGlobalSection
	GlobalSection(ProjectConfigurationPlatforms) = postSolution
		{49392179-8162-425E-824C-333B7DE5C0A3}.Debug|Any CPU.ActiveCfg = Debug|Any CPU
		{49392179-8162-425E-824C-333B7DE5C0A3}.Debug|Any CPU.Build.0 = Debug|Any CPU
		{49392179-8162-425E-824C-333B7DE5C0A3}.Release|Any CPU.ActiveCfg = Release|Any CPU
		{49392179-8162-425E-824C-333B7DE5C0A3}.Release|Any CPU.Build.0 = Release|Any CPU
	EndGlobalSection
	GlobalSection(SolutionProperties) = preSolution
		HideSolutionNode = FALSE
	EndGlobalSection
	GlobalSection(ExtensibilityGlobals) = postSolution
		SolutionGuid = {F4467FCB-4966-4194-9D56-0C4F3B0E7D1E}
	EndGlobalSection
EndGlobal
